Microsoft Visual Studio Solution File, Format Version 7.00
Project("{FAE04EC0-301F-11D3-BF4B-00C04F79EFBC}") = "TextPDF", "TextPDF.csproj", "{B1AF05CB-C503-4677-9EDA-D7C3CF4F147D}"
EndProject
Global
	GlobalSection(SolutionConfiguration) = preSolution
		ConfigName.0 = Debug
		ConfigName.1 = Release
	EndGlobalSection
	GlobalSection(ProjectDependencies) = postSolution
	EndGlobalSection
	GlobalSection(ProjectConfiguration) = postSolution
		{B1AF05CB-C503-4677-9EDA-D7C3CF4F147D}.Debug.ActiveCfg = Debug|.NET
		{B1AF05CB-C503-4677-9EDA-D7C3CF4F147D}.Debug.Build.0 = Debug|.NET
		{B1AF05CB-C503-4677-9EDA-D7C3CF4F147D}.Release.ActiveCfg = Release|.NET
		{B1AF05CB-C503-4677-9EDA-D7C3CF4F147D}.Release.Build.0 = Release|.NET
	EndGlobalSection
	GlobalSection(ExtensibilityGlobals) = postSolution
	EndGlobalSection
	GlobalSection(ExtensibilityAddIns) = postSolution
	EndGlobalSection
EndGlobal
