
Microsoft Visual Studio Solution File, Format Version 12.00
# Visual Studio 2012
Project("{FAE04EC0-301F-11D3-BF4B-00C04F79EFBC}") = "CpS420_Lab2_Inception", "CpS420_Lab2_Inception\CpS420_Lab2_Inception.csproj", "{FA864207-22B7-44B9-A7B4-505A16E0B157}"
EndProject
Global
	GlobalSection(SolutionConfigurationPlatforms) = preSolution
		Debug|Any CPU = Debug|Any CPU
		Release|Any CPU = Release|Any CPU
	EndGlobalSection
	GlobalSection(ProjectConfigurationPlatforms) = postSolution
		{FA864207-22B7-44B9-A7B4-505A16E0B157}.Debug|Any CPU.ActiveCfg = Debug|Any CPU
		{FA864207-22B7-44B9-A7B4-505A16E0B157}.Debug|Any CPU.Build.0 = Debug|Any CPU
		{FA864207-22B7-44B9-A7B4-505A16E0B157}.Release|Any CPU.ActiveCfg = Release|Any CPU
		{FA864207-22B7-44B9-A7B4-505A16E0B157}.Release|Any CPU.Build.0 = Release|Any CPU
	EndGlobalSection
	GlobalSection(SolutionProperties) = preSolution
		HideSolutionNode = FALSE
	EndGlobalSection
EndGlobal
